// !$*UTF8*$!
{
	archiveVersion = 1;
	classes = {
	};
	objectVersion = 51;
	objects = {

/* Begin PBXBuildFile section */
		3878E113B6155C6C26509FEB /* Pods_GGGaming.framework in Frameworks */ = {isa = PBXBuildFile; fileRef = F4A926CB3152B81380E99C7A /* Pods_GGGaming.framework */; };
		A15C250425FB75BF00BF7EE2 /* GameNetworkProvider.swift in Sources */ = {isa = PBXBuildFile; fileRef = A15C250325FB75BF00BF7EE2 /* GameNetworkProvider.swift */; };
		A15C250825FB75CD00BF7EE2 /* GameTarget.swift in Sources */ = {isa = PBXBuildFile; fileRef = A15C250725FB75CD00BF7EE2 /* GameTarget.swift */; };
		A15C250B25FB760D00BF7EE2 /* GameDetailResponseWrapper.swift in Sources */ = {isa = PBXBuildFile; fileRef = A15C250A25FB760D00BF7EE2 /* GameDetailResponseWrapper.swift */; };
		A15C251125FB77CA00BF7EE2 /* GameDetailViewController.swift in Sources */ = {isa = PBXBuildFile; fileRef = A15C250F25FB77CA00BF7EE2 /* GameDetailViewController.swift */; };
		A15C251225FB77CA00BF7EE2 /* GameDetailViewController.xib in Resources */ = {isa = PBXBuildFile; fileRef = A15C251025FB77CA00BF7EE2 /* GameDetailViewController.xib */; };
		A15C251725FB7C7300BF7EE2 /* GameNavigator.swift in Sources */ = {isa = PBXBuildFile; fileRef = A15C251625FB7C7300BF7EE2 /* GameNavigator.swift */; };
		A15C251B25FB7CF700BF7EE2 /* GameDetailViewModel.swift in Sources */ = {isa = PBXBuildFile; fileRef = A15C251A25FB7CF700BF7EE2 /* GameDetailViewModel.swift */; };
		A15C251E25FB878600BF7EE2 /* String+Extension.swift in Sources */ = {isa = PBXBuildFile; fileRef = A15C251D25FB878600BF7EE2 /* String+Extension.swift */; };
		A1CD1B6D25FA63E000CB4B15 /* AppDelegate.swift in Sources */ = {isa = PBXBuildFile; fileRef = A1CD1B6C25FA63E000CB4B15 /* AppDelegate.swift */; };
		A1CD1B6F25FA63E000CB4B15 /* SceneDelegate.swift in Sources */ = {isa = PBXBuildFile; fileRef = A1CD1B6E25FA63E000CB4B15 /* SceneDelegate.swift */; };
		A1CD1B7725FA63E000CB4B15 /* GGGaming.xcdatamodeld in Sources */ = {isa = PBXBuildFile; fileRef = A1CD1B7525FA63E000CB4B15 /* GGGaming.xcdatamodeld */; };
		A1CD1B7925FA63E200CB4B15 /* Assets.xcassets in Resources */ = {isa = PBXBuildFile; fileRef = A1CD1B7825FA63E200CB4B15 /* Assets.xcassets */; };
		A1CD1B7C25FA63E200CB4B15 /* LaunchScreen.storyboard in Resources */ = {isa = PBXBuildFile; fileRef = A1CD1B7A25FA63E200CB4B15 /* LaunchScreen.storyboard */; };
		A1CEFB0C25FB33E90034DB0D /* ActivityIndicator.swift in Sources */ = {isa = PBXBuildFile; fileRef = A1CEFB0B25FB33E90034DB0D /* ActivityIndicator.swift */; };
		A1CEFB0F25FB33F20034DB0D /* ErrorTracker.swift in Sources */ = {isa = PBXBuildFile; fileRef = A1CEFB0E25FB33F20034DB0D /* ErrorTracker.swift */; };
		A1CEFB1625FB4C200034DB0D /* HomeGameResponseWrapper.swift in Sources */ = {isa = PBXBuildFile; fileRef = A1CEFB1525FB4C200034DB0D /* HomeGameResponseWrapper.swift */; };
		A1CEFB2725FB5C7E0034DB0D /* HomeGameItemView.xib in Resources */ = {isa = PBXBuildFile; fileRef = A1CEFB2625FB5C7E0034DB0D /* HomeGameItemView.xib */; };
		A1CEFB3C25FB5E2E0034DB0D /* HomeGameItemView.swift in Sources */ = {isa = PBXBuildFile; fileRef = A1CEFB3B25FB5E2E0034DB0D /* HomeGameItemView.swift */; };
		A1CF775F2601F7DB008E7F9A /* UserCoreDataFunctionality.swift in Sources */ = {isa = PBXBuildFile; fileRef = A1CF775E2601F7DB008E7F9A /* UserCoreDataFunctionality.swift */; };
		A1CF77632601F80F008E7F9A /* UserModel.swift in Sources */ = {isa = PBXBuildFile; fileRef = A1CF77622601F80F008E7F9A /* UserModel.swift */; };
		A1CF77662601FCCF008E7F9A /* RegisterViewModel.swift in Sources */ = {isa = PBXBuildFile; fileRef = A1CF77652601FCCF008E7F9A /* RegisterViewModel.swift */; };
		A1CF776B2601FD46008E7F9A /* RegisterEnum.swift in Sources */ = {isa = PBXBuildFile; fileRef = A1CF776A2601FD46008E7F9A /* RegisterEnum.swift */; };
		A1D2D60525FE47AC00606466 /* GameSearchResultViewController.swift in Sources */ = {isa = PBXBuildFile; fileRef = A1D2D60325FE47AC00606466 /* GameSearchResultViewController.swift */; };
		A1D2D60625FE47AC00606466 /* GameSearchResultViewController.xib in Resources */ = {isa = PBXBuildFile; fileRef = A1D2D60425FE47AC00606466 /* GameSearchResultViewController.xib */; };
		A1D2D60C25FE48D500606466 /* GameSearchResultViewModel.swift in Sources */ = {isa = PBXBuildFile; fileRef = A1D2D60B25FE48D500606466 /* GameSearchResultViewModel.swift */; };
		A1E04A0A25FF10AF0072775A /* GameListByDeveloperViewController.swift in Sources */ = {isa = PBXBuildFile; fileRef = A1E04A0825FF10AF0072775A /* GameListByDeveloperViewController.swift */; };
		A1E04A0B25FF10AF0072775A /* GameListByDeveloperViewController.xib in Resources */ = {isa = PBXBuildFile; fileRef = A1E04A0925FF10AF0072775A /* GameListByDeveloperViewController.xib */; };
		A1E04A3825FF185A0072775A /* GameListByDeveloperViewModel.swift in Sources */ = {isa = PBXBuildFile; fileRef = A1E04A3725FF185A0072775A /* GameListByDeveloperViewModel.swift */; };
		A1E04A8D25FF26340072775A /* GameDeveloperListViewModel.swift in Sources */ = {isa = PBXBuildFile; fileRef = A1E04A8C25FF26340072775A /* GameDeveloperListViewModel.swift */; };
		A1E04A9225FF26870072775A /* GameDeveloperListViewController.swift in Sources */ = {isa = PBXBuildFile; fileRef = A1E04A9025FF26870072775A /* GameDeveloperListViewController.swift */; };
		A1E04A9325FF26870072775A /* GameDeveloperListViewController.xib in Resources */ = {isa = PBXBuildFile; fileRef = A1E04A9125FF26870072775A /* GameDeveloperListViewController.xib */; };
		A1E04A9E25FF35E30072775A /* GameDeveloperTableViewCell.swift in Sources */ = {isa = PBXBuildFile; fileRef = A1E04A9C25FF35E30072775A /* GameDeveloperTableViewCell.swift */; };
		A1E04A9F25FF35E30072775A /* GameDeveloperTableViewCell.xib in Resources */ = {isa = PBXBuildFile; fileRef = A1E04A9D25FF35E30072775A /* GameDeveloperTableViewCell.xib */; };
		A1E04AAA25FF653B0072775A /* WishlistModel.swift in Sources */ = {isa = PBXBuildFile; fileRef = A1E04AA925FF653B0072775A /* WishlistModel.swift */; };
		A1E04AAE25FF8AF20072775A /* WishlistItemView.swift in Sources */ = {isa = PBXBuildFile; fileRef = A1E04AAD25FF8AF20072775A /* WishlistItemView.swift */; };
		A1E04AB225FF8AFC0072775A /* WishlistItemView.xib in Resources */ = {isa = PBXBuildFile; fileRef = A1E04AB125FF8AFC0072775A /* WishlistItemView.xib */; };
		A1E5F27825FA6FE600ADC5B8 /* HomeTabBarViewController.swift in Sources */ = {isa = PBXBuildFile; fileRef = A1E5F27725FA6FE600ADC5B8 /* HomeTabBarViewController.swift */; };
		A1E5F27C25FA700D00ADC5B8 /* HomeTabBarViewModel.swift in Sources */ = {isa = PBXBuildFile; fileRef = A1E5F27B25FA700D00ADC5B8 /* HomeTabBarViewModel.swift */; };
		A1E5F28125FA703C00ADC5B8 /* HomeTabBarViewControllerList.swift in Sources */ = {isa = PBXBuildFile; fileRef = A1E5F28025FA703C00ADC5B8 /* HomeTabBarViewControllerList.swift */; };
		A1E5F28B25FA725000ADC5B8 /* HomeViewModel.swift in Sources */ = {isa = PBXBuildFile; fileRef = A1E5F28A25FA725000ADC5B8 /* HomeViewModel.swift */; };
		A1E5F28F25FA726700ADC5B8 /* HomeViewController.swift in Sources */ = {isa = PBXBuildFile; fileRef = A1E5F28D25FA726700ADC5B8 /* HomeViewController.swift */; };
		A1E5F29025FA726700ADC5B8 /* HomeViewController.xib in Resources */ = {isa = PBXBuildFile; fileRef = A1E5F28E25FA726700ADC5B8 /* HomeViewController.xib */; };
		A1E5F29825FA761B00ADC5B8 /* WishlistViewController.swift in Sources */ = {isa = PBXBuildFile; fileRef = A1E5F29625FA761B00ADC5B8 /* WishlistViewController.swift */; };
		A1E5F29925FA761B00ADC5B8 /* WishlistViewController.xib in Resources */ = {isa = PBXBuildFile; fileRef = A1E5F29725FA761B00ADC5B8 /* WishlistViewController.xib */; };
		A1E5F29C25FA762600ADC5B8 /* WishlistViewModel.swift in Sources */ = {isa = PBXBuildFile; fileRef = A1E5F29B25FA762500ADC5B8 /* WishlistViewModel.swift */; };
		A1E5F2A725FA78FD00ADC5B8 /* ProfileViewModel.swift in Sources */ = {isa = PBXBuildFile; fileRef = A1E5F2A625FA78FD00ADC5B8 /* ProfileViewModel.swift */; };
		A1E5F2AA25FA790900ADC5B8 /* ProfileModel.swift in Sources */ = {isa = PBXBuildFile; fileRef = A1E5F2A925FA790900ADC5B8 /* ProfileModel.swift */; };
		A1E5F2AE25FA791400ADC5B8 /* ProfileViewController.swift in Sources */ = {isa = PBXBuildFile; fileRef = A1E5F2AC25FA791400ADC5B8 /* ProfileViewController.swift */; };
		A1E5F2AF25FA791400ADC5B8 /* ProfileViewController.xib in Resources */ = {isa = PBXBuildFile; fileRef = A1E5F2AD25FA791400ADC5B8 /* ProfileViewController.xib */; };
		A1E5F2B325FA7B8700ADC5B8 /* ObservableType+Extension.swift in Sources */ = {isa = PBXBuildFile; fileRef = A1E5F2B225FA7B8700ADC5B8 /* ObservableType+Extension.swift */; };
		A1E5F2B725FA7BAB00ADC5B8 /* UIStackView+Extension.swift in Sources */ = {isa = PBXBuildFile; fileRef = A1E5F2B625FA7BAB00ADC5B8 /* UIStackView+Extension.swift */; };
		A1E5F2BB25FA7BE100ADC5B8 /* UIApplication+Extension.swift in Sources */ = {isa = PBXBuildFile; fileRef = A1E5F2BA25FA7BE100ADC5B8 /* UIApplication+Extension.swift */; };
		A1E5F2C025FA7DAF00ADC5B8 /* SkillItemView.swift in Sources */ = {isa = PBXBuildFile; fileRef = A1E5F2BF25FA7DAF00ADC5B8 /* SkillItemView.swift */; };
		A1E5F2C425FA7DCD00ADC5B8 /* UIView+Extension.swift in Sources */ = {isa = PBXBuildFile; fileRef = A1E5F2C325FA7DCD00ADC5B8 /* UIView+Extension.swift */; };
		A1E5F2C725FA7DFA00ADC5B8 /* SkillItemView.xib in Resources */ = {isa = PBXBuildFile; fileRef = A1E5F2C625FA7DFA00ADC5B8 /* SkillItemView.xib */; };
		A1E5F2CA25FA7EF800ADC5B8 /* ExperienceItemView.swift in Sources */ = {isa = PBXBuildFile; fileRef = A1E5F2C925FA7EF800ADC5B8 /* ExperienceItemView.swift */; };
		A1E5F2CD25FA7F2D00ADC5B8 /* ExperienceItemView.xib in Resources */ = {isa = PBXBuildFile; fileRef = A1E5F2CC25FA7F2D00ADC5B8 /* ExperienceItemView.xib */; };
		A1E5F2D725FA889600ADC5B8 /* HomeCollectionViewCell.swift in Sources */ = {isa = PBXBuildFile; fileRef = A1E5F2D525FA889600ADC5B8 /* HomeCollectionViewCell.swift */; };
		A1E5F2D825FA889600ADC5B8 /* HomeCollectionViewCell.xib in Resources */ = {isa = PBXBuildFile; fileRef = A1E5F2D625FA889600ADC5B8 /* HomeCollectionViewCell.xib */; };
		A1E5F2DB25FA8A6900ADC5B8 /* HomeTarget.swift in Sources */ = {isa = PBXBuildFile; fileRef = A1E5F2DA25FA8A6900ADC5B8 /* HomeTarget.swift */; };
		A1E5F2DE25FA8A7300ADC5B8 /* HomeNetworkProvider.swift in Sources */ = {isa = PBXBuildFile; fileRef = A1E5F2DD25FA8A7300ADC5B8 /* HomeNetworkProvider.swift */; };
		A1E5F2E125FA8E8A00ADC5B8 /* HomeDeveloperResponseWrapper.swift in Sources */ = {isa = PBXBuildFile; fileRef = A1E5F2E025FA8E8A00ADC5B8 /* HomeDeveloperResponseWrapper.swift */; };
		A1EFBAEA2600F89F002432CA /* UserService.swift in Sources */ = {isa = PBXBuildFile; fileRef = A1EFBAE92600F89F002432CA /* UserService.swift */; };
		A1EFBAF22600FA3D002432CA /* LoginViewController.swift in Sources */ = {isa = PBXBuildFile; fileRef = A1EFBAF02600FA3D002432CA /* LoginViewController.swift */; };
		A1EFBAF32600FA3D002432CA /* LoginViewController.xib in Resources */ = {isa = PBXBuildFile; fileRef = A1EFBAF12600FA3D002432CA /* LoginViewController.xib */; };
		A1EFBB12260106E6002432CA /* RegisterViewController.swift in Sources */ = {isa = PBXBuildFile; fileRef = A1EFBB10260106E6002432CA /* RegisterViewController.swift */; };
		A1EFBB13260106E6002432CA /* RegisterViewController.xib in Resources */ = {isa = PBXBuildFile; fileRef = A1EFBB11260106E6002432CA /* RegisterViewController.xib */; };
/* End PBXBuildFile section */

/* Begin PBXFileReference section */
		827A66BF88EA41A053A83F3D /* Pods-GGGaming.release.xcconfig */ = {isa = PBXFileReference; includeInIndex = 1; lastKnownFileType = text.xcconfig; name = "Pods-GGGaming.release.xcconfig"; path = "Target Support Files/Pods-GGGaming/Pods-GGGaming.release.xcconfig"; sourceTree = "<group>"; };
		A15C250325FB75BF00BF7EE2 /* GameNetworkProvider.swift */ = {isa = PBXFileReference; lastKnownFileType = sourcecode.swift; path = GameNetworkProvider.swift; sourceTree = "<group>"; };
		A15C250725FB75CD00BF7EE2 /* GameTarget.swift */ = {isa = PBXFileReference; lastKnownFileType = sourcecode.swift; path = GameTarget.swift; sourceTree = "<group>"; };
		A15C250A25FB760D00BF7EE2 /* GameDetailResponseWrapper.swift */ = {isa = PBXFileReference; lastKnownFileType = sourcecode.swift; path = GameDetailResponseWrapper.swift; sourceTree = "<group>"; };
		A15C250F25FB77CA00BF7EE2 /* GameDetailViewController.swift */ = {isa = PBXFileReference; lastKnownFileType = sourcecode.swift; path = GameDetailViewController.swift; sourceTree = "<group>"; };
		A15C251025FB77CA00BF7EE2 /* GameDetailViewController.xib */ = {isa = PBXFileReference; lastKnownFileType = file.xib; path = GameDetailViewController.xib; sourceTree = "<group>"; };
		A15C251625FB7C7300BF7EE2 /* GameNavigator.swift */ = {isa = PBXFileReference; lastKnownFileType = sourcecode.swift; path = GameNavigator.swift; sourceTree = "<group>"; };
		A15C251A25FB7CF700BF7EE2 /* GameDetailViewModel.swift */ = {isa = PBXFileReference; lastKnownFileType = sourcecode.swift; path = GameDetailViewModel.swift; sourceTree = "<group>"; };
		A15C251D25FB878600BF7EE2 /* String+Extension.swift */ = {isa = PBXFileReference; lastKnownFileType = sourcecode.swift; path = "String+Extension.swift"; sourceTree = "<group>"; };
		A1CD1B6925FA63E000CB4B15 /* GGGaming.app */ = {isa = PBXFileReference; explicitFileType = wrapper.application; includeInIndex = 0; path = GGGaming.app; sourceTree = BUILT_PRODUCTS_DIR; };
		A1CD1B6C25FA63E000CB4B15 /* AppDelegate.swift */ = {isa = PBXFileReference; lastKnownFileType = sourcecode.swift; path = AppDelegate.swift; sourceTree = "<group>"; };
		A1CD1B6E25FA63E000CB4B15 /* SceneDelegate.swift */ = {isa = PBXFileReference; lastKnownFileType = sourcecode.swift; path = SceneDelegate.swift; sourceTree = "<group>"; };
		A1CD1B7625FA63E000CB4B15 /* GGGaming.xcdatamodel */ = {isa = PBXFileReference; lastKnownFileType = wrapper.xcdatamodel; path = GGGaming.xcdatamodel; sourceTree = "<group>"; };
		A1CD1B7825FA63E200CB4B15 /* Assets.xcassets */ = {isa = PBXFileReference; lastKnownFileType = folder.assetcatalog; path = Assets.xcassets; sourceTree = "<group>"; };
		A1CD1B7B25FA63E200CB4B15 /* Base */ = {isa = PBXFileReference; lastKnownFileType = file.storyboard; name = Base; path = Base.lproj/LaunchScreen.storyboard; sourceTree = "<group>"; };
		A1CD1B7D25FA63E200CB4B15 /* Info.plist */ = {isa = PBXFileReference; lastKnownFileType = text.plist.xml; path = Info.plist; sourceTree = "<group>"; };
		A1CEFB0B25FB33E90034DB0D /* ActivityIndicator.swift */ = {isa = PBXFileReference; fileEncoding = 4; lastKnownFileType = sourcecode.swift; path = ActivityIndicator.swift; sourceTree = "<group>"; };
		A1CEFB0E25FB33F20034DB0D /* ErrorTracker.swift */ = {isa = PBXFileReference; fileEncoding = 4; lastKnownFileType = sourcecode.swift; path = ErrorTracker.swift; sourceTree = "<group>"; };
		A1CEFB1525FB4C200034DB0D /* HomeGameResponseWrapper.swift */ = {isa = PBXFileReference; lastKnownFileType = sourcecode.swift; path = HomeGameResponseWrapper.swift; sourceTree = "<group>"; };
		A1CEFB2625FB5C7E0034DB0D /* HomeGameItemView.xib */ = {isa = PBXFileReference; lastKnownFileType = file.xib; path = HomeGameItemView.xib; sourceTree = "<group>"; };
		A1CEFB3B25FB5E2E0034DB0D /* HomeGameItemView.swift */ = {isa = PBXFileReference; lastKnownFileType = sourcecode.swift; path = HomeGameItemView.swift; sourceTree = "<group>"; };
		A1CF775E2601F7DB008E7F9A /* UserCoreDataFunctionality.swift */ = {isa = PBXFileReference; lastKnownFileType = sourcecode.swift; path = UserCoreDataFunctionality.swift; sourceTree = "<group>"; };
		A1CF77622601F80F008E7F9A /* UserModel.swift */ = {isa = PBXFileReference; lastKnownFileType = sourcecode.swift; path = UserModel.swift; sourceTree = "<group>"; };
		A1CF77652601FCCF008E7F9A /* RegisterViewModel.swift */ = {isa = PBXFileReference; lastKnownFileType = sourcecode.swift; path = RegisterViewModel.swift; sourceTree = "<group>"; };
		A1CF776A2601FD46008E7F9A /* RegisterEnum.swift */ = {isa = PBXFileReference; lastKnownFileType = sourcecode.swift; path = RegisterEnum.swift; sourceTree = "<group>"; };
		A1D2D60325FE47AC00606466 /* GameSearchResultViewController.swift */ = {isa = PBXFileReference; lastKnownFileType = sourcecode.swift; path = GameSearchResultViewController.swift; sourceTree = "<group>"; };
		A1D2D60425FE47AC00606466 /* GameSearchResultViewController.xib */ = {isa = PBXFileReference; lastKnownFileType = file.xib; path = GameSearchResultViewController.xib; sourceTree = "<group>"; };
		A1D2D60B25FE48D500606466 /* GameSearchResultViewModel.swift */ = {isa = PBXFileReference; lastKnownFileType = sourcecode.swift; path = GameSearchResultViewModel.swift; sourceTree = "<group>"; };
		A1E04A0825FF10AF0072775A /* GameListByDeveloperViewController.swift */ = {isa = PBXFileReference; lastKnownFileType = sourcecode.swift; path = GameListByDeveloperViewController.swift; sourceTree = "<group>"; };
		A1E04A0925FF10AF0072775A /* GameListByDeveloperViewController.xib */ = {isa = PBXFileReference; lastKnownFileType = file.xib; path = GameListByDeveloperViewController.xib; sourceTree = "<group>"; };
		A1E04A3725FF185A0072775A /* GameListByDeveloperViewModel.swift */ = {isa = PBXFileReference; lastKnownFileType = sourcecode.swift; path = GameListByDeveloperViewModel.swift; sourceTree = "<group>"; };
		A1E04A8C25FF26340072775A /* GameDeveloperListViewModel.swift */ = {isa = PBXFileReference; lastKnownFileType = sourcecode.swift; path = GameDeveloperListViewModel.swift; sourceTree = "<group>"; };
		A1E04A9025FF26870072775A /* GameDeveloperListViewController.swift */ = {isa = PBXFileReference; lastKnownFileType = sourcecode.swift; path = GameDeveloperListViewController.swift; sourceTree = "<group>"; };
		A1E04A9125FF26870072775A /* GameDeveloperListViewController.xib */ = {isa = PBXFileReference; lastKnownFileType = file.xib; path = GameDeveloperListViewController.xib; sourceTree = "<group>"; };
		A1E04A9C25FF35E30072775A /* GameDeveloperTableViewCell.swift */ = {isa = PBXFileReference; lastKnownFileType = sourcecode.swift; path = GameDeveloperTableViewCell.swift; sourceTree = "<group>"; };
		A1E04A9D25FF35E30072775A /* GameDeveloperTableViewCell.xib */ = {isa = PBXFileReference; lastKnownFileType = file.xib; path = GameDeveloperTableViewCell.xib; sourceTree = "<group>"; };
		A1E04AA925FF653B0072775A /* WishlistModel.swift */ = {isa = PBXFileReference; lastKnownFileType = sourcecode.swift; path = WishlistModel.swift; sourceTree = "<group>"; };
		A1E04AAD25FF8AF20072775A /* WishlistItemView.swift */ = {isa = PBXFileReference; lastKnownFileType = sourcecode.swift; path = WishlistItemView.swift; sourceTree = "<group>"; };
		A1E04AB125FF8AFC0072775A /* WishlistItemView.xib */ = {isa = PBXFileReference; lastKnownFileType = file.xib; path = WishlistItemView.xib; sourceTree = "<group>"; };
		A1E5F27725FA6FE600ADC5B8 /* HomeTabBarViewController.swift */ = {isa = PBXFileReference; lastKnownFileType = sourcecode.swift; path = HomeTabBarViewController.swift; sourceTree = "<group>"; };
		A1E5F27B25FA700D00ADC5B8 /* HomeTabBarViewModel.swift */ = {isa = PBXFileReference; lastKnownFileType = sourcecode.swift; path = HomeTabBarViewModel.swift; sourceTree = "<group>"; };
		A1E5F28025FA703C00ADC5B8 /* HomeTabBarViewControllerList.swift */ = {isa = PBXFileReference; lastKnownFileType = sourcecode.swift; path = HomeTabBarViewControllerList.swift; sourceTree = "<group>"; };
		A1E5F28A25FA725000ADC5B8 /* HomeViewModel.swift */ = {isa = PBXFileReference; lastKnownFileType = sourcecode.swift; path = HomeViewModel.swift; sourceTree = "<group>"; };
		A1E5F28D25FA726700ADC5B8 /* HomeViewController.swift */ = {isa = PBXFileReference; lastKnownFileType = sourcecode.swift; path = HomeViewController.swift; sourceTree = "<group>"; };
		A1E5F28E25FA726700ADC5B8 /* HomeViewController.xib */ = {isa = PBXFileReference; lastKnownFileType = file.xib; path = HomeViewController.xib; sourceTree = "<group>"; };
		A1E5F29625FA761B00ADC5B8 /* WishlistViewController.swift */ = {isa = PBXFileReference; lastKnownFileType = sourcecode.swift; path = WishlistViewController.swift; sourceTree = "<group>"; };
		A1E5F29725FA761B00ADC5B8 /* WishlistViewController.xib */ = {isa = PBXFileReference; lastKnownFileType = file.xib; path = WishlistViewController.xib; sourceTree = "<group>"; };
		A1E5F29B25FA762500ADC5B8 /* WishlistViewModel.swift */ = {isa = PBXFileReference; lastKnownFileType = sourcecode.swift; path = WishlistViewModel.swift; sourceTree = "<group>"; };
		A1E5F2A625FA78FD00ADC5B8 /* ProfileViewModel.swift */ = {isa = PBXFileReference; lastKnownFileType = sourcecode.swift; path = ProfileViewModel.swift; sourceTree = "<group>"; };
		A1E5F2A925FA790900ADC5B8 /* ProfileModel.swift */ = {isa = PBXFileReference; lastKnownFileType = sourcecode.swift; path = ProfileModel.swift; sourceTree = "<group>"; };
		A1E5F2AC25FA791400ADC5B8 /* ProfileViewController.swift */ = {isa = PBXFileReference; lastKnownFileType = sourcecode.swift; path = ProfileViewController.swift; sourceTree = "<group>"; };
		A1E5F2AD25FA791400ADC5B8 /* ProfileViewController.xib */ = {isa = PBXFileReference; lastKnownFileType = file.xib; path = ProfileViewController.xib; sourceTree = "<group>"; };
		A1E5F2B225FA7B8700ADC5B8 /* ObservableType+Extension.swift */ = {isa = PBXFileReference; lastKnownFileType = sourcecode.swift; path = "ObservableType+Extension.swift"; sourceTree = "<group>"; };
		A1E5F2B625FA7BAB00ADC5B8 /* UIStackView+Extension.swift */ = {isa = PBXFileReference; lastKnownFileType = sourcecode.swift; path = "UIStackView+Extension.swift"; sourceTree = "<group>"; };
		A1E5F2BA25FA7BE100ADC5B8 /* UIApplication+Extension.swift */ = {isa = PBXFileReference; lastKnownFileType = sourcecode.swift; path = "UIApplication+Extension.swift"; sourceTree = "<group>"; };
		A1E5F2BF25FA7DAF00ADC5B8 /* SkillItemView.swift */ = {isa = PBXFileReference; lastKnownFileType = sourcecode.swift; path = SkillItemView.swift; sourceTree = "<group>"; };
		A1E5F2C325FA7DCD00ADC5B8 /* UIView+Extension.swift */ = {isa = PBXFileReference; lastKnownFileType = sourcecode.swift; path = "UIView+Extension.swift"; sourceTree = "<group>"; };
		A1E5F2C625FA7DFA00ADC5B8 /* SkillItemView.xib */ = {isa = PBXFileReference; lastKnownFileType = file.xib; path = SkillItemView.xib; sourceTree = "<group>"; };
		A1E5F2C925FA7EF800ADC5B8 /* ExperienceItemView.swift */ = {isa = PBXFileReference; lastKnownFileType = sourcecode.swift; path = ExperienceItemView.swift; sourceTree = "<group>"; };
		A1E5F2CC25FA7F2D00ADC5B8 /* ExperienceItemView.xib */ = {isa = PBXFileReference; lastKnownFileType = file.xib; path = ExperienceItemView.xib; sourceTree = "<group>"; };
		A1E5F2D525FA889600ADC5B8 /* HomeCollectionViewCell.swift */ = {isa = PBXFileReference; lastKnownFileType = sourcecode.swift; path = HomeCollectionViewCell.swift; sourceTree = "<group>"; };
		A1E5F2D625FA889600ADC5B8 /* HomeCollectionViewCell.xib */ = {isa = PBXFileReference; lastKnownFileType = file.xib; path = HomeCollectionViewCell.xib; sourceTree = "<group>"; };
		A1E5F2DA25FA8A6900ADC5B8 /* HomeTarget.swift */ = {isa = PBXFileReference; lastKnownFileType = sourcecode.swift; path = HomeTarget.swift; sourceTree = "<group>"; };
		A1E5F2DD25FA8A7300ADC5B8 /* HomeNetworkProvider.swift */ = {isa = PBXFileReference; lastKnownFileType = sourcecode.swift; path = HomeNetworkProvider.swift; sourceTree = "<group>"; };
		A1E5F2E025FA8E8A00ADC5B8 /* HomeDeveloperResponseWrapper.swift */ = {isa = PBXFileReference; lastKnownFileType = sourcecode.swift; path = HomeDeveloperResponseWrapper.swift; sourceTree = "<group>"; };
		A1EFBAE92600F89F002432CA /* UserService.swift */ = {isa = PBXFileReference; lastKnownFileType = sourcecode.swift; path = UserService.swift; sourceTree = "<group>"; };
		A1EFBAF02600FA3D002432CA /* LoginViewController.swift */ = {isa = PBXFileReference; lastKnownFileType = sourcecode.swift; path = LoginViewController.swift; sourceTree = "<group>"; };
		A1EFBAF12600FA3D002432CA /* LoginViewController.xib */ = {isa = PBXFileReference; lastKnownFileType = file.xib; path = LoginViewController.xib; sourceTree = "<group>"; };
		A1EFBB10260106E6002432CA /* RegisterViewController.swift */ = {isa = PBXFileReference; lastKnownFileType = sourcecode.swift; path = RegisterViewController.swift; sourceTree = "<group>"; };
		A1EFBB11260106E6002432CA /* RegisterViewController.xib */ = {isa = PBXFileReference; lastKnownFileType = file.xib; path = RegisterViewController.xib; sourceTree = "<group>"; };
		E529E9BA61B8EF0DA69413C0 /* Pods-GGGaming.debug.xcconfig */ = {isa = PBXFileReference; includeInIndex = 1; lastKnownFileType = text.xcconfig; name = "Pods-GGGaming.debug.xcconfig"; path = "Target Support Files/Pods-GGGaming/Pods-GGGaming.debug.xcconfig"; sourceTree = "<group>"; };
		F4A926CB3152B81380E99C7A /* Pods_GGGaming.framework */ = {isa = PBXFileReference; explicitFileType = wrapper.framework; includeInIndex = 0; path = Pods_GGGaming.framework; sourceTree = BUILT_PRODUCTS_DIR; };
/* End PBXFileReference section */

/* Begin PBXFrameworksBuildPhase section */
		A1CD1B6625FA63E000CB4B15 /* Frameworks */ = {
			isa = PBXFrameworksBuildPhase;
			buildActionMask = 2147483647;
			files = (
				3878E113B6155C6C26509FEB /* Pods_GGGaming.framework in Frameworks */,
			);
			runOnlyForDeploymentPostprocessing = 0;
		};
/* End PBXFrameworksBuildPhase section */

/* Begin PBXGroup section */
		0238F7BA841E37CBA49B518B /* Pods */ = {
			isa = PBXGroup;
			children = (
				E529E9BA61B8EF0DA69413C0 /* Pods-GGGaming.debug.xcconfig */,
				827A66BF88EA41A053A83F3D /* Pods-GGGaming.release.xcconfig */,
			);
			path = Pods;
			sourceTree = "<group>";
		};
		A15C24FE25FB759700BF7EE2 /* Game */ = {
			isa = PBXGroup;
			children = (
				A15C250225FB75AC00BF7EE2 /* API */,
				A15C250125FB75A800BF7EE2 /* Model */,
				A15C251425FB7C5E00BF7EE2 /* Utils */,
				A15C250025FB75A500BF7EE2 /* View */,
				A15C24FF25FB75A100BF7EE2 /* ViewModel */,
			);
			path = Game;
			sourceTree = "<group>";
		};
		A15C24FF25FB75A100BF7EE2 /* ViewModel */ = {
			isa = PBXGroup;
			children = (
				A1D2D60925FE48BE00606466 /* GameDetail */,
				A1E04A8B25FF26260072775A /* GameDeveloperList */,
				A1D2D60825FE48B700606466 /* GameSearchResult */,
				A1E04A3625FF18430072775A /* GameListByDeveloper */,
			);
			path = ViewModel;
			sourceTree = "<group>";
		};
		A15C250025FB75A500BF7EE2 /* View */ = {
			isa = PBXGroup;
			children = (
				A15C250E25FB77BB00BF7EE2 /* GameDetail */,
				A1E04A8A25FF26150072775A /* GameDeveloperList */,
				A1D2D60225FE478E00606466 /* GameSearchResult */,
				A1E04A0725FF108D0072775A /* GameListByDeveloper */,
			);
			path = View;
			sourceTree = "<group>";
		};
		A15C250125FB75A800BF7EE2 /* Model */ = {
			isa = PBXGroup;
			children = (
				A15C250A25FB760D00BF7EE2 /* GameDetailResponseWrapper.swift */,
			);
			path = Model;
			sourceTree = "<group>";
		};
		A15C250225FB75AC00BF7EE2 /* API */ = {
			isa = PBXGroup;
			children = (
				A15C250725FB75CD00BF7EE2 /* GameTarget.swift */,
				A15C250325FB75BF00BF7EE2 /* GameNetworkProvider.swift */,
			);
			path = API;
			sourceTree = "<group>";
		};
		A15C250E25FB77BB00BF7EE2 /* GameDetail */ = {
			isa = PBXGroup;
			children = (
				A15C250F25FB77CA00BF7EE2 /* GameDetailViewController.swift */,
				A15C251025FB77CA00BF7EE2 /* GameDetailViewController.xib */,
			);
			path = GameDetail;
			sourceTree = "<group>";
		};
		A15C251425FB7C5E00BF7EE2 /* Utils */ = {
			isa = PBXGroup;
			children = (
				A15C251525FB7C6A00BF7EE2 /* Singleton */,
			);
			path = Utils;
			sourceTree = "<group>";
		};
		A15C251525FB7C6A00BF7EE2 /* Singleton */ = {
			isa = PBXGroup;
			children = (
				A15C251625FB7C7300BF7EE2 /* GameNavigator.swift */,
			);
			path = Singleton;
			sourceTree = "<group>";
		};
		A1CD1B6025FA63E000CB4B15 = {
			isa = PBXGroup;
			children = (
				A1CD1B6B25FA63E000CB4B15 /* GGGaming */,
				A1CD1B6A25FA63E000CB4B15 /* Products */,
				0238F7BA841E37CBA49B518B /* Pods */,
				F16034BD813AFFA35F1565A5 /* Frameworks */,
			);
			sourceTree = "<group>";
		};
		A1CD1B6A25FA63E000CB4B15 /* Products */ = {
			isa = PBXGroup;
			children = (
				A1CD1B6925FA63E000CB4B15 /* GGGaming.app */,
			);
			name = Products;
			sourceTree = "<group>";
		};
		A1CD1B6B25FA63E000CB4B15 /* GGGaming */ = {
			isa = PBXGroup;
			children = (
				A1E5F26D25FA6F5400ADC5B8 /* Feature */,
				A1E5F26E25FA6F5A00ADC5B8 /* Internal */,
				A1E5F26F25FA6F5E00ADC5B8 /* Supporting Files */,
				A1CD1B6C25FA63E000CB4B15 /* AppDelegate.swift */,
				A1CD1B6E25FA63E000CB4B15 /* SceneDelegate.swift */,
				A1CD1B7D25FA63E200CB4B15 /* Info.plist */,
			);
			path = GGGaming;
			sourceTree = "<group>";
		};
		A1CEFB0A25FB33900034DB0D /* Tracker */ = {
			isa = PBXGroup;
			children = (
				A1CEFB0E25FB33F20034DB0D /* ErrorTracker.swift */,
				A1CEFB0B25FB33E90034DB0D /* ActivityIndicator.swift */,
			);
			path = Tracker;
			sourceTree = "<group>";
		};
		A1CEFB1E25FB50740034DB0D /* HomeGameItem */ = {
			isa = PBXGroup;
			children = (
				A1CEFB3B25FB5E2E0034DB0D /* HomeGameItemView.swift */,
				A1CEFB2625FB5C7E0034DB0D /* HomeGameItemView.xib */,
			);
			path = HomeGameItem;
			sourceTree = "<group>";
		};
		A1CF775D2601F7A3008E7F9A /* User */ = {
			isa = PBXGroup;
			children = (
				A1CF775E2601F7DB008E7F9A /* UserCoreDataFunctionality.swift */,
			);
			path = User;
			sourceTree = "<group>";
		};
		A1CF77682601FD33008E7F9A /* Utils */ = {
			isa = PBXGroup;
			children = (
				A1CF77692601FD3B008E7F9A /* Enum */,
			);
			path = Utils;
			sourceTree = "<group>";
		};
		A1CF77692601FD3B008E7F9A /* Enum */ = {
			isa = PBXGroup;
			children = (
				A1CF776A2601FD46008E7F9A /* RegisterEnum.swift */,
			);
			path = Enum;
			sourceTree = "<group>";
		};
		A1D2D60225FE478E00606466 /* GameSearchResult */ = {
			isa = PBXGroup;
			children = (
				A1D2D60325FE47AC00606466 /* GameSearchResultViewController.swift */,
				A1D2D60425FE47AC00606466 /* GameSearchResultViewController.xib */,
			);
			path = GameSearchResult;
			sourceTree = "<group>";
		};
		A1D2D60825FE48B700606466 /* GameSearchResult */ = {
			isa = PBXGroup;
			children = (
				A1D2D60B25FE48D500606466 /* GameSearchResultViewModel.swift */,
			);
			path = GameSearchResult;
			sourceTree = "<group>";
		};
		A1D2D60925FE48BE00606466 /* GameDetail */ = {
			isa = PBXGroup;
			children = (
				A15C251A25FB7CF700BF7EE2 /* GameDetailViewModel.swift */,
			);
			path = GameDetail;
			sourceTree = "<group>";
		};
		A1E04A0725FF108D0072775A /* GameListByDeveloper */ = {
			isa = PBXGroup;
			children = (
				A1E04A0825FF10AF0072775A /* GameListByDeveloperViewController.swift */,
				A1E04A0925FF10AF0072775A /* GameListByDeveloperViewController.xib */,
			);
			path = GameListByDeveloper;
			sourceTree = "<group>";
		};
		A1E04A3625FF18430072775A /* GameListByDeveloper */ = {
			isa = PBXGroup;
			children = (
				A1E04A3725FF185A0072775A /* GameListByDeveloperViewModel.swift */,
			);
			path = GameListByDeveloper;
			sourceTree = "<group>";
		};
		A1E04A8A25FF26150072775A /* GameDeveloperList */ = {
			isa = PBXGroup;
			children = (
				A1E04A9525FF35B40072775A /* TableViewCell */,
				A1E04A9025FF26870072775A /* GameDeveloperListViewController.swift */,
				A1E04A9125FF26870072775A /* GameDeveloperListViewController.xib */,
			);
			path = GameDeveloperList;
			sourceTree = "<group>";
		};
		A1E04A8B25FF26260072775A /* GameDeveloperList */ = {
			isa = PBXGroup;
			children = (
				A1E04A8C25FF26340072775A /* GameDeveloperListViewModel.swift */,
			);
			path = GameDeveloperList;
			sourceTree = "<group>";
		};
		A1E04A9525FF35B40072775A /* TableViewCell */ = {
			isa = PBXGroup;
			children = (
				A1E04A9C25FF35E30072775A /* GameDeveloperTableViewCell.swift */,
				A1E04A9D25FF35E30072775A /* GameDeveloperTableViewCell.xib */,
			);
			path = TableViewCell;
			sourceTree = "<group>";
		};
		A1E04AAC25FF8ADB0072775A /* WishlistItemView */ = {
			isa = PBXGroup;
			children = (
				A1E04AAD25FF8AF20072775A /* WishlistItemView.swift */,
				A1E04AB125FF8AFC0072775A /* WishlistItemView.xib */,
			);
			path = WishlistItemView;
			sourceTree = "<group>";
		};
		A1E5F26D25FA6F5400ADC5B8 /* Feature */ = {
			isa = PBXGroup;
			children = (
				A15C24FE25FB759700BF7EE2 /* Game */,
				A1E5F28325FA720D00ADC5B8 /* Home */,
				A1E5F27425FA6FCA00ADC5B8 /* HomeTabBar */,
				A1E5F28525FA721500ADC5B8 /* Launch */,
				A1EFBAEC2600FA0B002432CA /* Login */,
				A1EFBB0C2601068D002432CA /* Register */,
				A1E5F2A225FA78DD00ADC5B8 /* Profile */,
				A1E5F29225FA75D100ADC5B8 /* Wishlist */,
			);
			path = Feature;
			sourceTree = "<group>";
		};
		A1E5F26E25FA6F5A00ADC5B8 /* Internal */ = {
			isa = PBXGroup;
			children = (
				A1E5F27225FA6F8F00ADC5B8 /* CoreData */,
				A1E5F2B125FA7B7700ADC5B8 /* Extensions */,
				A1CEFB0A25FB33900034DB0D /* Tracker */,
				A1EFBAE82600F81B002432CA /* UserDefaults */,
			);
			path = Internal;
			sourceTree = "<group>";
		};
		A1E5F26F25FA6F5E00ADC5B8 /* Supporting Files */ = {
			isa = PBXGroup;
			children = (
				A1CD1B7825FA63E200CB4B15 /* Assets.xcassets */,
			);
			path = "Supporting Files";
			sourceTree = "<group>";
		};
		A1E5F27225FA6F8F00ADC5B8 /* CoreData */ = {
			isa = PBXGroup;
			children = (
				A1CF775D2601F7A3008E7F9A /* User */,
				A1CD1B7525FA63E000CB4B15 /* GGGaming.xcdatamodeld */,
			);
			path = CoreData;
			sourceTree = "<group>";
		};
		A1E5F27425FA6FCA00ADC5B8 /* HomeTabBar */ = {
			isa = PBXGroup;
			children = (
				A1E5F27E25FA702300ADC5B8 /* Utils */,
				A1E5F27625FA6FD300ADC5B8 /* View */,
				A1E5F27525FA6FD000ADC5B8 /* ViewModel */,
			);
			path = HomeTabBar;
			sourceTree = "<group>";
		};
		A1E5F27525FA6FD000ADC5B8 /* ViewModel */ = {
			isa = PBXGroup;
			children = (
				A1E5F27B25FA700D00ADC5B8 /* HomeTabBarViewModel.swift */,
			);
			path = ViewModel;
			sourceTree = "<group>";
		};
		A1E5F27625FA6FD300ADC5B8 /* View */ = {
			isa = PBXGroup;
			children = (
				A1E5F27725FA6FE600ADC5B8 /* HomeTabBarViewController.swift */,
			);
			path = View;
			sourceTree = "<group>";
		};
		A1E5F27E25FA702300ADC5B8 /* Utils */ = {
			isa = PBXGroup;
			children = (
				A1E5F27F25FA702B00ADC5B8 /* Singleton */,
			);
			path = Utils;
			sourceTree = "<group>";
		};
		A1E5F27F25FA702B00ADC5B8 /* Singleton */ = {
			isa = PBXGroup;
			children = (
				A1E5F28025FA703C00ADC5B8 /* HomeTabBarViewControllerList.swift */,
			);
			path = Singleton;
			sourceTree = "<group>";
		};
		A1E5F28325FA720D00ADC5B8 /* Home */ = {
			isa = PBXGroup;
			children = (
				A1E5F28925FA724100ADC5B8 /* API */,
				A1E5F28825FA723800ADC5B8 /* Model */,
				A1E5F28725FA723500ADC5B8 /* View */,
				A1E5F28425FA721100ADC5B8 /* ViewModel */,
			);
			path = Home;
			sourceTree = "<group>";
		};
		A1E5F28425FA721100ADC5B8 /* ViewModel */ = {
			isa = PBXGroup;
			children = (
				A1E5F28A25FA725000ADC5B8 /* HomeViewModel.swift */,
			);
			path = ViewModel;
			sourceTree = "<group>";
		};
		A1E5F28525FA721500ADC5B8 /* Launch */ = {
			isa = PBXGroup;
			children = (
				A1E5F28625FA721E00ADC5B8 /* View */,
			);
			path = Launch;
			sourceTree = "<group>";
		};
		A1E5F28625FA721E00ADC5B8 /* View */ = {
			isa = PBXGroup;
			children = (
				A1CD1B7A25FA63E200CB4B15 /* LaunchScreen.storyboard */,
			);
			path = View;
			sourceTree = "<group>";
		};
		A1E5F28725FA723500ADC5B8 /* View */ = {
			isa = PBXGroup;
			children = (
				A1E5F2D425FA888200ADC5B8 /* CollectionViewCell */,
				A1CEFB1E25FB50740034DB0D /* HomeGameItem */,
				A1E5F28D25FA726700ADC5B8 /* HomeViewController.swift */,
				A1E5F28E25FA726700ADC5B8 /* HomeViewController.xib */,
			);
			path = View;
			sourceTree = "<group>";
		};
		A1E5F28825FA723800ADC5B8 /* Model */ = {
			isa = PBXGroup;
			children = (
				A1E5F2E025FA8E8A00ADC5B8 /* HomeDeveloperResponseWrapper.swift */,
				A1CEFB1525FB4C200034DB0D /* HomeGameResponseWrapper.swift */,
			);
			path = Model;
			sourceTree = "<group>";
		};
		A1E5F28925FA724100ADC5B8 /* API */ = {
			isa = PBXGroup;
			children = (
				A1E5F2DA25FA8A6900ADC5B8 /* HomeTarget.swift */,
				A1E5F2DD25FA8A7300ADC5B8 /* HomeNetworkProvider.swift */,
			);
			path = API;
			sourceTree = "<group>";
		};
		A1E5F29225FA75D100ADC5B8 /* Wishlist */ = {
			isa = PBXGroup;
			children = (
				A1E5F29525FA760600ADC5B8 /* Model */,
				A1E5F29425FA760100ADC5B8 /* View */,
				A1E5F29325FA75FC00ADC5B8 /* ViewModel */,
			);
			path = Wishlist;
			sourceTree = "<group>";
		};
		A1E5F29325FA75FC00ADC5B8 /* ViewModel */ = {
			isa = PBXGroup;
			children = (
				A1E5F29B25FA762500ADC5B8 /* WishlistViewModel.swift */,
			);
			path = ViewModel;
			sourceTree = "<group>";
		};
		A1E5F29425FA760100ADC5B8 /* View */ = {
			isa = PBXGroup;
			children = (
				A1E04AAC25FF8ADB0072775A /* WishlistItemView */,
				A1E5F29625FA761B00ADC5B8 /* WishlistViewController.swift */,
				A1E5F29725FA761B00ADC5B8 /* WishlistViewController.xib */,
			);
			path = View;
			sourceTree = "<group>";
		};
		A1E5F29525FA760600ADC5B8 /* Model */ = {
			isa = PBXGroup;
			children = (
				A1E04AA925FF653B0072775A /* WishlistModel.swift */,
			);
			path = Model;
			sourceTree = "<group>";
		};
		A1E5F2A225FA78DD00ADC5B8 /* Profile */ = {
			isa = PBXGroup;
			children = (
				A1E5F2A525FA78F000ADC5B8 /* Model */,
				A1E5F2A425FA78ED00ADC5B8 /* View */,
				A1E5F2A325FA78E900ADC5B8 /* ViewModel */,
			);
			path = Profile;
			sourceTree = "<group>";
		};
		A1E5F2A325FA78E900ADC5B8 /* ViewModel */ = {
			isa = PBXGroup;
			children = (
				A1E5F2A625FA78FD00ADC5B8 /* ProfileViewModel.swift */,
			);
			path = ViewModel;
			sourceTree = "<group>";
		};
		A1E5F2A425FA78ED00ADC5B8 /* View */ = {
			isa = PBXGroup;
			children = (
				A1E5F2BD25FA7D9300ADC5B8 /* ExperienceItem */,
				A1E5F2BE25FA7D9900ADC5B8 /* SkillItem */,
				A1E5F2AC25FA791400ADC5B8 /* ProfileViewController.swift */,
				A1E5F2AD25FA791400ADC5B8 /* ProfileViewController.xib */,
			);
			path = View;
			sourceTree = "<group>";
		};
		A1E5F2A525FA78F000ADC5B8 /* Model */ = {
			isa = PBXGroup;
			children = (
				A1E5F2A925FA790900ADC5B8 /* ProfileModel.swift */,
			);
			path = Model;
			sourceTree = "<group>";
		};
		A1E5F2B125FA7B7700ADC5B8 /* Extensions */ = {
			isa = PBXGroup;
			children = (
				A1E5F2B225FA7B8700ADC5B8 /* ObservableType+Extension.swift */,
				A1E5F2B625FA7BAB00ADC5B8 /* UIStackView+Extension.swift */,
				A1E5F2BA25FA7BE100ADC5B8 /* UIApplication+Extension.swift */,
				A1E5F2C325FA7DCD00ADC5B8 /* UIView+Extension.swift */,
				A15C251D25FB878600BF7EE2 /* String+Extension.swift */,
			);
			path = Extensions;
			sourceTree = "<group>";
		};
		A1E5F2BD25FA7D9300ADC5B8 /* ExperienceItem */ = {
			isa = PBXGroup;
			children = (
				A1E5F2C925FA7EF800ADC5B8 /* ExperienceItemView.swift */,
				A1E5F2CC25FA7F2D00ADC5B8 /* ExperienceItemView.xib */,
			);
			path = ExperienceItem;
			sourceTree = "<group>";
		};
		A1E5F2BE25FA7D9900ADC5B8 /* SkillItem */ = {
			isa = PBXGroup;
			children = (
				A1E5F2BF25FA7DAF00ADC5B8 /* SkillItemView.swift */,
				A1E5F2C625FA7DFA00ADC5B8 /* SkillItemView.xib */,
			);
			path = SkillItem;
			sourceTree = "<group>";
		};
		A1E5F2D425FA888200ADC5B8 /* CollectionViewCell */ = {
			isa = PBXGroup;
			children = (
				A1E5F2D525FA889600ADC5B8 /* HomeCollectionViewCell.swift */,
				A1E5F2D625FA889600ADC5B8 /* HomeCollectionViewCell.xib */,
			);
			path = CollectionViewCell;
			sourceTree = "<group>";
		};
		A1EFBAE82600F81B002432CA /* UserDefaults */ = {
			isa = PBXGroup;
			children = (
				A1EFBAE92600F89F002432CA /* UserService.swift */,
			);
			path = UserDefaults;
			sourceTree = "<group>";
		};
		A1EFBAEC2600FA0B002432CA /* Login */ = {
			isa = PBXGroup;
			children = (
				A1EFBAEF2600FA17002432CA /* Model */,
				A1EFBAEE2600FA13002432CA /* View */,
				A1EFBAED2600FA0F002432CA /* ViewModel */,
			);
			path = Login;
			sourceTree = "<group>";
		};
		A1EFBAED2600FA0F002432CA /* ViewModel */ = {
			isa = PBXGroup;
			children = (
			);
			path = ViewModel;
			sourceTree = "<group>";
		};
		A1EFBAEE2600FA13002432CA /* View */ = {
			isa = PBXGroup;
			children = (
				A1EFBAF02600FA3D002432CA /* LoginViewController.swift */,
				A1EFBAF12600FA3D002432CA /* LoginViewController.xib */,
			);
			path = View;
			sourceTree = "<group>";
		};
		A1EFBAEF2600FA17002432CA /* Model */ = {
			isa = PBXGroup;
			children = (
			);
			path = Model;
			sourceTree = "<group>";
		};
		A1EFBB0C2601068D002432CA /* Register */ = {
			isa = PBXGroup;
			children = (
				A1EFBB0F260106B1002432CA /* Model */,
				A1CF77682601FD33008E7F9A /* Utils */,
				A1EFBB0E260106AD002432CA /* View */,
				A1EFBB0D260106A8002432CA /* ViewModel */,
			);
			path = Register;
			sourceTree = "<group>";
		};
		A1EFBB0D260106A8002432CA /* ViewModel */ = {
			isa = PBXGroup;
			children = (
				A1CF77652601FCCF008E7F9A /* RegisterViewModel.swift */,
			);
			path = ViewModel;
			sourceTree = "<group>";
		};
		A1EFBB0E260106AD002432CA /* View */ = {
			isa = PBXGroup;
			children = (
				A1EFBB10260106E6002432CA /* RegisterViewController.swift */,
				A1EFBB11260106E6002432CA /* RegisterViewController.xib */,
			);
			path = View;
			sourceTree = "<group>";
		};
		A1EFBB0F260106B1002432CA /* Model */ = {
			isa = PBXGroup;
			children = (
				A1CF77622601F80F008E7F9A /* UserModel.swift */,
			);
			path = Model;
			sourceTree = "<group>";
		};
		F16034BD813AFFA35F1565A5 /* Frameworks */ = {
			isa = PBXGroup;
			children = (
				F4A926CB3152B81380E99C7A /* Pods_GGGaming.framework */,
			);
			name = Frameworks;
			sourceTree = "<group>";
		};
/* End PBXGroup section */

/* Begin PBXNativeTarget section */
		A1CD1B6825FA63E000CB4B15 /* GGGaming */ = {
			isa = PBXNativeTarget;
			buildConfigurationList = A1CD1B8025FA63E200CB4B15 /* Build configuration list for PBXNativeTarget "GGGaming" */;
			buildPhases = (
				3FE0FCC85D3D654C9FA12E51 /* [CP] Check Pods Manifest.lock */,
				A1E5F26B25FA6BE100ADC5B8 /* ShellScript */,
				A1CD1B6525FA63E000CB4B15 /* Sources */,
				A1CD1B6625FA63E000CB4B15 /* Frameworks */,
				A1CD1B6725FA63E000CB4B15 /* Resources */,
				5597F43DDD22A7268095FABA /* [CP] Embed Pods Frameworks */,
			);
			buildRules = (
			);
			dependencies = (
			);
			name = GGGaming;
			productName = GGGaming;
			productReference = A1CD1B6925FA63E000CB4B15 /* GGGaming.app */;
			productType = "com.apple.product-type.application";
		};
/* End PBXNativeTarget section */

/* Begin PBXProject section */
		A1CD1B6125FA63E000CB4B15 /* Project object */ = {
			isa = PBXProject;
			attributes = {
				LastSwiftUpdateCheck = 1210;
				LastUpgradeCheck = 1210;
				TargetAttributes = {
					A1CD1B6825FA63E000CB4B15 = {
						CreatedOnToolsVersion = 12.1;
					};
				};
			};
			buildConfigurationList = A1CD1B6425FA63E000CB4B15 /* Build configuration list for PBXProject "GGGaming" */;
			compatibilityVersion = "Xcode 9.3";
			developmentRegion = en;
			hasScannedForEncodings = 0;
			knownRegions = (
				en,
				Base,
			);
			mainGroup = A1CD1B6025FA63E000CB4B15;
			productRefGroup = A1CD1B6A25FA63E000CB4B15 /* Products */;
			projectDirPath = "";
			projectRoot = "";
			targets = (
				A1CD1B6825FA63E000CB4B15 /* GGGaming */,
			);
		};
/* End PBXProject section */

/* Begin PBXResourcesBuildPhase section */
		A1CD1B6725FA63E000CB4B15 /* Resources */ = {
			isa = PBXResourcesBuildPhase;
			buildActionMask = 2147483647;
			files = (
				A1EFBAF32600FA3D002432CA /* LoginViewController.xib in Resources */,
				A1E5F2D825FA889600ADC5B8 /* HomeCollectionViewCell.xib in Resources */,
				A1CD1B7C25FA63E200CB4B15 /* LaunchScreen.storyboard in Resources */,
				A1E5F2C725FA7DFA00ADC5B8 /* SkillItemView.xib in Resources */,
				A15C251225FB77CA00BF7EE2 /* GameDetailViewController.xib in Resources */,
				A1E04A9F25FF35E30072775A /* GameDeveloperTableViewCell.xib in Resources */,
				A1CEFB2725FB5C7E0034DB0D /* HomeGameItemView.xib in Resources */,
				A1D2D60625FE47AC00606466 /* GameSearchResultViewController.xib in Resources */,
				A1E04A9325FF26870072775A /* GameDeveloperListViewController.xib in Resources */,
				A1E5F29925FA761B00ADC5B8 /* WishlistViewController.xib in Resources */,
				A1CD1B7925FA63E200CB4B15 /* Assets.xcassets in Resources */,
				A1E04AB225FF8AFC0072775A /* WishlistItemView.xib in Resources */,
				A1E5F2CD25FA7F2D00ADC5B8 /* ExperienceItemView.xib in Resources */,
				A1E04A0B25FF10AF0072775A /* GameListByDeveloperViewController.xib in Resources */,
				A1E5F2AF25FA791400ADC5B8 /* ProfileViewController.xib in Resources */,
				A1EFBB13260106E6002432CA /* RegisterViewController.xib in Resources */,
				A1E5F29025FA726700ADC5B8 /* HomeViewController.xib in Resources */,
			);
			runOnlyForDeploymentPostprocessing = 0;
		};
/* End PBXResourcesBuildPhase section */

/* Begin PBXShellScriptBuildPhase section */
		3FE0FCC85D3D654C9FA12E51 /* [CP] Check Pods Manifest.lock */ = {
			isa = PBXShellScriptBuildPhase;
			buildActionMask = 2147483647;
			files = (
			);
			inputFileListPaths = (
			);
			inputPaths = (
				"${PODS_PODFILE_DIR_PATH}/Podfile.lock",
				"${PODS_ROOT}/Manifest.lock",
			);
			name = "[CP] Check Pods Manifest.lock";
			outputFileListPaths = (
			);
			outputPaths = (
				"$(DERIVED_FILE_DIR)/Pods-GGGaming-checkManifestLockResult.txt",
			);
			runOnlyForDeploymentPostprocessing = 0;
			shellPath = /bin/sh;
			shellScript = "diff \"${PODS_PODFILE_DIR_PATH}/Podfile.lock\" \"${PODS_ROOT}/Manifest.lock\" > /dev/null\nif [ $? != 0 ] ; then\n    # print error to STDERR\n    echo \"error: The sandbox is not in sync with the Podfile.lock. Run 'pod install' or update your CocoaPods installation.\" >&2\n    exit 1\nfi\n# This output is used by Xcode 'outputs' to avoid re-running this script phase.\necho \"SUCCESS\" > \"${SCRIPT_OUTPUT_FILE_0}\"\n";
			showEnvVarsInLog = 0;
		};
		5597F43DDD22A7268095FABA /* [CP] Embed Pods Frameworks */ = {
			isa = PBXShellScriptBuildPhase;
			buildActionMask = 2147483647;
			files = (
			);
			inputFileListPaths = (
				"${PODS_ROOT}/Target Support Files/Pods-GGGaming/Pods-GGGaming-frameworks-${CONFIGURATION}-input-files.xcfilelist",
			);
			name = "[CP] Embed Pods Frameworks";
			outputFileListPaths = (
				"${PODS_ROOT}/Target Support Files/Pods-GGGaming/Pods-GGGaming-frameworks-${CONFIGURATION}-output-files.xcfilelist",
			);
			runOnlyForDeploymentPostprocessing = 0;
			shellPath = /bin/sh;
			shellScript = "\"${PODS_ROOT}/Target Support Files/Pods-GGGaming/Pods-GGGaming-frameworks.sh\"\n";
			showEnvVarsInLog = 0;
		};
		A1E5F26B25FA6BE100ADC5B8 /* ShellScript */ = {
			isa = PBXShellScriptBuildPhase;
			buildActionMask = 2147483647;
			files = (
			);
			inputFileListPaths = (
			);
			inputPaths = (
			);
			outputFileListPaths = (
			);
			outputPaths = (
			);
			runOnlyForDeploymentPostprocessing = 0;
			shellPath = /bin/sh;
			shellScript = "\"${PODS_ROOT}/SwiftLint/swiftlint\"\n";
		};
/* End PBXShellScriptBuildPhase section */

/* Begin PBXSourcesBuildPhase section */
		A1CD1B6525FA63E000CB4B15 /* Sources */ = {
			isa = PBXSourcesBuildPhase;
			buildActionMask = 2147483647;
			files = (
				A15C251725FB7C7300BF7EE2 /* GameNavigator.swift in Sources */,
				A1CD1B6D25FA63E000CB4B15 /* AppDelegate.swift in Sources */,
				A1E5F2CA25FA7EF800ADC5B8 /* ExperienceItemView.swift in Sources */,
				A1E5F29C25FA762600ADC5B8 /* WishlistViewModel.swift in Sources */,
				A1E04AAA25FF653B0072775A /* WishlistModel.swift in Sources */,
				A1E5F2BB25FA7BE100ADC5B8 /* UIApplication+Extension.swift in Sources */,
				A1E04A0A25FF10AF0072775A /* GameListByDeveloperViewController.swift in Sources */,
				A1D2D60C25FE48D500606466 /* GameSearchResultViewModel.swift in Sources */,
				A1CEFB0C25FB33E90034DB0D /* ActivityIndicator.swift in Sources */,
				A15C251125FB77CA00BF7EE2 /* GameDetailViewController.swift in Sources */,
				A1CF77632601F80F008E7F9A /* UserModel.swift in Sources */,
				A1CF776B2601FD46008E7F9A /* RegisterEnum.swift in Sources */,
				A15C251E25FB878600BF7EE2 /* String+Extension.swift in Sources */,
				A1E5F28125FA703C00ADC5B8 /* HomeTabBarViewControllerList.swift in Sources */,
				A1CEFB3C25FB5E2E0034DB0D /* HomeGameItemView.swift in Sources */,
				A1E04A9E25FF35E30072775A /* GameDeveloperTableViewCell.swift in Sources */,
				A1E5F2AA25FA790900ADC5B8 /* ProfileModel.swift in Sources */,
				A1E5F2DB25FA8A6900ADC5B8 /* HomeTarget.swift in Sources */,
				A1D2D60525FE47AC00606466 /* GameSearchResultViewController.swift in Sources */,
				A15C250425FB75BF00BF7EE2 /* GameNetworkProvider.swift in Sources */,
				A1EFBAF22600FA3D002432CA /* LoginViewController.swift in Sources */,
				A1E5F28B25FA725000ADC5B8 /* HomeViewModel.swift in Sources */,
				A1E04AAE25FF8AF20072775A /* WishlistItemView.swift in Sources */,
				A15C250B25FB760D00BF7EE2 /* GameDetailResponseWrapper.swift in Sources */,
				A1E5F28F25FA726700ADC5B8 /* HomeViewController.swift in Sources */,
				A1E5F2DE25FA8A7300ADC5B8 /* HomeNetworkProvider.swift in Sources */,
				A1E5F2E125FA8E8A00ADC5B8 /* HomeDeveloperResponseWrapper.swift in Sources */,
				A1E5F29825FA761B00ADC5B8 /* WishlistViewController.swift in Sources */,
				A1E5F2B725FA7BAB00ADC5B8 /* UIStackView+Extension.swift in Sources */,
				A1E04A8D25FF26340072775A /* GameDeveloperListViewModel.swift in Sources */,
				A1CEFB0F25FB33F20034DB0D /* ErrorTracker.swift in Sources */,
				A1EFBAEA2600F89F002432CA /* UserService.swift in Sources */,
				A15C251B25FB7CF700BF7EE2 /* GameDetailViewModel.swift in Sources */,
				A1E5F2D725FA889600ADC5B8 /* HomeCollectionViewCell.swift in Sources */,
				A1E5F27825FA6FE600ADC5B8 /* HomeTabBarViewController.swift in Sources */,
				A1E5F2A725FA78FD00ADC5B8 /* ProfileViewModel.swift in Sources */,
				A1E04A3825FF185A0072775A /* GameListByDeveloperViewModel.swift in Sources */,
				A1CD1B7725FA63E000CB4B15 /* GGGaming.xcdatamodeld in Sources */,
				A1CF77662601FCCF008E7F9A /* RegisterViewModel.swift in Sources */,
				A1E5F2C425FA7DCD00ADC5B8 /* UIView+Extension.swift in Sources */,
				A1EFBB12260106E6002432CA /* RegisterViewController.swift in Sources */,
				A1E5F2C025FA7DAF00ADC5B8 /* SkillItemView.swift in Sources */,
				A15C250825FB75CD00BF7EE2 /* GameTarget.swift in Sources */,
				A1E5F2AE25FA791400ADC5B8 /* ProfileViewController.swift in Sources */,
				A1E04A9225FF26870072775A /* GameDeveloperListViewController.swift in Sources */,
				A1CF775F2601F7DB008E7F9A /* UserCoreDataFunctionality.swift in Sources */,
				A1E5F27C25FA700D00ADC5B8 /* HomeTabBarViewModel.swift in Sources */,
				A1CEFB1625FB4C200034DB0D /* HomeGameResponseWrapper.swift in Sources */,
				A1E5F2B325FA7B8700ADC5B8 /* ObservableType+Extension.swift in Sources */,
				A1CD1B6F25FA63E000CB4B15 /* SceneDelegate.swift in Sources */,
			);
			runOnlyForDeploymentPostprocessing = 0;
		};
/* End PBXSourcesBuildPhase section */

/* Begin PBXVariantGroup section */
		A1CD1B7A25FA63E200CB4B15 /* LaunchScreen.storyboard */ = {
			isa = PBXVariantGroup;
			children = (
				A1CD1B7B25FA63E200CB4B15 /* Base */,
			);
			name = LaunchScreen.storyboard;
			sourceTree = "<group>";
		};
/* End PBXVariantGroup section */

/* Begin XCBuildConfiguration section */
		A1CD1B7E25FA63E200CB4B15 /* Debug */ = {
			isa = XCBuildConfiguration;
			buildSettings = {
				ALWAYS_SEARCH_USER_PATHS = NO;
				CLANG_ANALYZER_NONNULL = YES;
				CLANG_ANALYZER_NUMBER_OBJECT_CONVERSION = YES_AGGRESSIVE;
				CLANG_CXX_LANGUAGE_STANDARD = "gnu++14";
				CLANG_CXX_LIBRARY = "libc++";
				CLANG_ENABLE_MODULES = YES;
				CLANG_ENABLE_OBJC_ARC = YES;
				CLANG_ENABLE_OBJC_WEAK = YES;
				CLANG_WARN_BLOCK_CAPTURE_AUTORELEASING = YES;
				CLANG_WARN_BOOL_CONVERSION = YES;
				CLANG_WARN_COMMA = YES;
				CLANG_WARN_CONSTANT_CONVERSION = YES;
				CLANG_WARN_DEPRECATED_OBJC_IMPLEMENTATIONS = YES;
				CLANG_WARN_DIRECT_OBJC_ISA_USAGE = YES_ERROR;
				CLANG_WARN_DOCUMENTATION_COMMENTS = YES;
				CLANG_WARN_EMPTY_BODY = YES;
				CLANG_WARN_ENUM_CONVERSION = YES;
				CLANG_WARN_INFINITE_RECURSION = YES;
				CLANG_WARN_INT_CONVERSION = YES;
				CLANG_WARN_NON_LITERAL_NULL_CONVERSION = YES;
				CLANG_WARN_OBJC_IMPLICIT_RETAIN_SELF = YES;
				CLANG_WARN_OBJC_LITERAL_CONVERSION = YES;
				CLANG_WARN_OBJC_ROOT_CLASS = YES_ERROR;
				CLANG_WARN_QUOTED_INCLUDE_IN_FRAMEWORK_HEADER = YES;
				CLANG_WARN_RANGE_LOOP_ANALYSIS = YES;
				CLANG_WARN_STRICT_PROTOTYPES = YES;
				CLANG_WARN_SUSPICIOUS_MOVE = YES;
				CLANG_WARN_UNGUARDED_AVAILABILITY = YES_AGGRESSIVE;
				CLANG_WARN_UNREACHABLE_CODE = YES;
				CLANG_WARN__DUPLICATE_METHOD_MATCH = YES;
				COPY_PHASE_STRIP = NO;
				DEBUG_INFORMATION_FORMAT = dwarf;
				ENABLE_STRICT_OBJC_MSGSEND = YES;
				ENABLE_TESTABILITY = YES;
				GCC_C_LANGUAGE_STANDARD = gnu11;
				GCC_DYNAMIC_NO_PIC = NO;
				GCC_NO_COMMON_BLOCKS = YES;
				GCC_OPTIMIZATION_LEVEL = 0;
				GCC_PREPROCESSOR_DEFINITIONS = (
					"DEBUG=1",
					"$(inherited)",
				);
				GCC_WARN_64_TO_32_BIT_CONVERSION = YES;
				GCC_WARN_ABOUT_RETURN_TYPE = YES_ERROR;
				GCC_WARN_UNDECLARED_SELECTOR = YES;
				GCC_WARN_UNINITIALIZED_AUTOS = YES_AGGRESSIVE;
				GCC_WARN_UNUSED_FUNCTION = YES;
				GCC_WARN_UNUSED_VARIABLE = YES;
				IPHONEOS_DEPLOYMENT_TARGET = 14.1;
				MTL_ENABLE_DEBUG_INFO = INCLUDE_SOURCE;
				MTL_FAST_MATH = YES;
				ONLY_ACTIVE_ARCH = YES;
				SDKROOT = iphoneos;
				SWIFT_ACTIVE_COMPILATION_CONDITIONS = DEBUG;
				SWIFT_OPTIMIZATION_LEVEL = "-Onone";
			};
			name = Debug;
		};
		A1CD1B7F25FA63E200CB4B15 /* Release */ = {
			isa = XCBuildConfiguration;
			buildSettings = {
				ALWAYS_SEARCH_USER_PATHS = NO;
				CLANG_ANALYZER_NONNULL = YES;
				CLANG_ANALYZER_NUMBER_OBJECT_CONVERSION = YES_AGGRESSIVE;
				CLANG_CXX_LANGUAGE_STANDARD = "gnu++14";
				CLANG_CXX_LIBRARY = "libc++";
				CLANG_ENABLE_MODULES = YES;
				CLANG_ENABLE_OBJC_ARC = YES;
				CLANG_ENABLE_OBJC_WEAK = YES;
				CLANG_WARN_BLOCK_CAPTURE_AUTORELEASING = YES;
				CLANG_WARN_BOOL_CONVERSION = YES;
				CLANG_WARN_COMMA = YES;
				CLANG_WARN_CONSTANT_CONVERSION = YES;
				CLANG_WARN_DEPRECATED_OBJC_IMPLEMENTATIONS = YES;
				CLANG_WARN_DIRECT_OBJC_ISA_USAGE = YES_ERROR;
				CLANG_WARN_DOCUMENTATION_COMMENTS = YES;
				CLANG_WARN_EMPTY_BODY = YES;
				CLANG_WARN_ENUM_CONVERSION = YES;
				CLANG_WARN_INFINITE_RECURSION = YES;
				CLANG_WARN_INT_CONVERSION = YES;
				CLANG_WARN_NON_LITERAL_NULL_CONVERSION = YES;
				CLANG_WARN_OBJC_IMPLICIT_RETAIN_SELF = YES;
				CLANG_WARN_OBJC_LITERAL_CONVERSION = YES;
				CLANG_WARN_OBJC_ROOT_CLASS = YES_ERROR;
				CLANG_WARN_QUOTED_INCLUDE_IN_FRAMEWORK_HEADER = YES;
				CLANG_WARN_RANGE_LOOP_ANALYSIS = YES;
				CLANG_WARN_STRICT_PROTOTYPES = YES;
				CLANG_WARN_SUSPICIOUS_MOVE = YES;
				CLANG_WARN_UNGUARDED_AVAILABILITY = YES_AGGRESSIVE;
				CLANG_WARN_UNREACHABLE_CODE = YES;
				CLANG_WARN__DUPLICATE_METHOD_MATCH = YES;
				COPY_PHASE_STRIP = NO;
				DEBUG_INFORMATION_FORMAT = "dwarf-with-dsym";
				ENABLE_NS_ASSERTIONS = NO;
				ENABLE_STRICT_OBJC_MSGSEND = YES;
				GCC_C_LANGUAGE_STANDARD = gnu11;
				GCC_NO_COMMON_BLOCKS = YES;
				GCC_WARN_64_TO_32_BIT_CONVERSION = YES;
				GCC_WARN_ABOUT_RETURN_TYPE = YES_ERROR;
				GCC_WARN_UNDECLARED_SELECTOR = YES;
				GCC_WARN_UNINITIALIZED_AUTOS = YES_AGGRESSIVE;
				GCC_WARN_UNUSED_FUNCTION = YES;
				GCC_WARN_UNUSED_VARIABLE = YES;
				IPHONEOS_DEPLOYMENT_TARGET = 14.1;
				MTL_ENABLE_DEBUG_INFO = NO;
				MTL_FAST_MATH = YES;
				SDKROOT = iphoneos;
				SWIFT_COMPILATION_MODE = wholemodule;
				SWIFT_OPTIMIZATION_LEVEL = "-O";
				VALIDATE_PRODUCT = YES;
			};
			name = Release;
		};
		A1CD1B8125FA63E200CB4B15 /* Debug */ = {
			isa = XCBuildConfiguration;
			baseConfigurationReference = E529E9BA61B8EF0DA69413C0 /* Pods-GGGaming.debug.xcconfig */;
			buildSettings = {
				ASSETCATALOG_COMPILER_APPICON_NAME = AppIcon;
				ASSETCATALOG_COMPILER_GLOBAL_ACCENT_COLOR_NAME = AccentColor;
				CODE_SIGN_STYLE = Automatic;
				DEVELOPMENT_TEAM = KFYJQYMB2X;
				INFOPLIST_FILE = GGGaming/Info.plist;
				IPHONEOS_DEPLOYMENT_TARGET = 13.0;
				LD_RUNPATH_SEARCH_PATHS = (
					"$(inherited)",
					"@executable_path/Frameworks",
				);
				PRODUCT_BUNDLE_IDENTIFIER = com.dicoding.academy.GGGaming;
				PRODUCT_NAME = "$(TARGET_NAME)";
				SWIFT_VERSION = 5.0;
				TARGETED_DEVICE_FAMILY = 1;
			};
			name = Debug;
		};
		A1CD1B8225FA63E200CB4B15 /* Release */ = {
			isa = XCBuildConfiguration;
			baseConfigurationReference = 827A66BF88EA41A053A83F3D /* Pods-GGGaming.release.xcconfig */;
			buildSettings = {
				ASSETCATALOG_COMPILER_APPICON_NAME = AppIcon;
				ASSETCATALOG_COMPILER_GLOBAL_ACCENT_COLOR_NAME = AccentColor;
				CODE_SIGN_STYLE = Automatic;
				DEVELOPMENT_TEAM = KFYJQYMB2X;
				INFOPLIST_FILE = GGGaming/Info.plist;
				IPHONEOS_DEPLOYMENT_TARGET = 13.0;
				LD_RUNPATH_SEARCH_PATHS = (
					"$(inherited)",
					"@executable_path/Frameworks",
				);
				PRODUCT_BUNDLE_IDENTIFIER = com.dicoding.academy.GGGaming;
				PRODUCT_NAME = "$(TARGET_NAME)";
				SWIFT_VERSION = 5.0;
				TARGETED_DEVICE_FAMILY = 1;
			};
			name = Release;
		};
/* End XCBuildConfiguration section */

/* Begin XCConfigurationList section */
		A1CD1B6425FA63E000CB4B15 /* Build configuration list for PBXProject "GGGaming" */ = {
			isa = XCConfigurationList;
			buildConfigurations = (
				A1CD1B7E25FA63E200CB4B15 /* Debug */,
				A1CD1B7F25FA63E200CB4B15 /* Release */,
			);
			defaultConfigurationIsVisible = 0;
			defaultConfigurationName = Release;
		};
		A1CD1B8025FA63E200CB4B15 /* Build configuration list for PBXNativeTarget "GGGaming" */ = {
			isa = XCConfigurationList;
			buildConfigurations = (
				A1CD1B8125FA63E200CB4B15 /* Debug */,
				A1CD1B8225FA63E200CB4B15 /* Release */,
			);
			defaultConfigurationIsVisible = 0;
			defaultConfigurationName = Release;
		};
/* End XCConfigurationList section */

/* Begin XCVersionGroup section */
		A1CD1B7525FA63E000CB4B15 /* GGGaming.xcdatamodeld */ = {
			isa = XCVersionGroup;
			children = (
				A1CD1B7625FA63E000CB4B15 /* GGGaming.xcdatamodel */,
			);
			currentVersion = A1CD1B7625FA63E000CB4B15 /* GGGaming.xcdatamodel */;
			path = GGGaming.xcdatamodeld;
			sourceTree = "<group>";
			versionGroupType = wrapper.xcdatamodel;
		};
/* End XCVersionGroup section */
	};
	rootObject = A1CD1B6125FA63E000CB4B15 /* Project object */;
}
